
Microsoft Visual Studio Solution File, Format Version 12.00
# Visual Studio Version 17
VisualStudioVersion = 17.14.36212.18 d17.14
MinimumVisualStudioVersion = 10.0.40219.1
Project("{FAE04EC0-301F-11D3-BF4B-00C04F79EFBC}") = "CineBookServices", "CineBookService\CineBookServices.csproj", "{F7568F3E-DBD8-48E5-91D8-5033F097C34C}"
EndProject
Project("{FAE04EC0-301F-11D3-BF4B-00C04F79EFBC}") = "CineBookDataAccessLayer", "CineBookDAL\CineBookDataAccessLayer.csproj", "{9BB3BF99-EA88-4B3F-ACD6-244DBF32FEA7}"
EndProject
Global
	GlobalSection(SolutionConfigurationPlatforms) = preSolution
		Debug|Any CPU = Debug|Any CPU
		Release|Any CPU = Release|Any CPU
	EndGlobalSection
	GlobalSection(ProjectConfigurationPlatforms) = postSolution
		{F7568F3E-DBD8-48E5-91D8-5033F097C34C}.Debug|Any CPU.ActiveCfg = Debug|Any CPU
		{F7568F3E-DBD8-48E5-91D8-5033F097C34C}.Debug|Any CPU.Build.0 = Debug|Any CPU
		{F7568F3E-DBD8-48E5-91D8-5033F097C34C}.Release|Any CPU.ActiveCfg = Release|Any CPU
		{F7568F3E-DBD8-48E5-91D8-5033F097C34C}.Release|Any CPU.Build.0 = Release|Any CPU
		{9BB3BF99-EA88-4B3F-ACD6-244DBF32FEA7}.Debug|Any CPU.ActiveCfg = Debug|Any CPU
		{9BB3BF99-EA88-4B3F-ACD6-244DBF32FEA7}.Debug|Any CPU.Build.0 = Debug|Any CPU
		{9BB3BF99-EA88-4B3F-ACD6-244DBF32FEA7}.Release|Any CPU.ActiveCfg = Release|Any CPU
		{9BB3BF99-EA88-4B3F-ACD6-244DBF32FEA7}.Release|Any CPU.Build.0 = Release|Any CPU
	EndGlobalSection
	GlobalSection(SolutionProperties) = preSolution
		HideSolutionNode = FALSE
	EndGlobalSection
	GlobalSection(ExtensibilityGlobals) = postSolution
		SolutionGuid = {8383A3D3-7B41-4CF3-B803-7D648937CE2F}
	EndGlobalSection
EndGlobal
